github.com/Pauloo27/go-mpris v1.4.0 h1:KWNTZuXeOdOdIVdzwG/JOOZHlveNiMjiSaK0AWi220c=
github.com/Pauloo27/go-mpris v1.4.0/go.mod h1:+9otYxTLPRTVZ6i2k6VrG1Y0RzMbBXGuEUQM4ZSvjxU=
github.com/fred1268/go-clap v1.2.1 h1:wi8Tokb2zmOEuwwTTfKX5Sj1h6ZpT2BxRtx1/ZJsol4=
github.com/fred1268/go-clap v1.2.1/go.mod h1:A5/yYBapOy6UyujlbxL7p/bX9J7bzyoMRzQKFwveXF0=
github.com/godbus/dbus/v5 v5.0.3/go.mod h1:xhWf0FNVPg57R7Z0UbKHbJfkEywrmjJnf7w5xrFpKfA=
github.com/godbus/dbus/v5 v5.1.0 h1:4KLkAxT3aOY8Li4FRJe/KvhoNFFxo0m6fNuFUO8QJUk=
github.com/godbus/dbus/v5 v5.1.0/go.mod h1:xhWf0FNVPg57R7Z0UbKHbJfkEywrmjJnf7w5xrFpKfA=
